
Microsoft Visual Studio Solution File, Format Version 12.00
# Visual Studio Version 16
VisualStudioVersion = 16.0.30517.126
MinimumVisualStudioVersion = 10.0.40219.1
Project("{9A19103F-16F7-4668-BE54-9A1E7A4F7556}") = "Diego-P2-AP1", "Diego-P2-AP1.csproj", "{2731AF8B-14C2-4888-BF52-21332EB02C9A}"
EndProject
Global
	GlobalSection(SolutionConfigurationPlatforms) = preSolution
		Debug|Any CPU = Debug|Any CPU
		Release|Any CPU = Release|Any CPU
	EndGlobalSection
	GlobalSection(ProjectConfigurationPlatforms) = postSolution
		{2731AF8B-14C2-4888-BF52-21332EB02C9A}.Debug|Any CPU.ActiveCfg = Debug|Any CPU
		{2731AF8B-14C2-4888-BF52-21332EB02C9A}.Debug|Any CPU.Build.0 = Debug|Any CPU
		{2731AF8B-14C2-4888-BF52-21332EB02C9A}.Release|Any CPU.ActiveCfg = Release|Any CPU
		{2731AF8B-14C2-4888-BF52-21332EB02C9A}.Release|Any CPU.Build.0 = Release|Any CPU
	EndGlobalSection
	GlobalSection(SolutionProperties) = preSolution
		HideSolutionNode = FALSE
	EndGlobalSection
	GlobalSection(ExtensibilityGlobals) = postSolution
		SolutionGuid = {A718A522-60F5-4137-B7AE-35BB2C2AE1F4}
	EndGlobalSection
EndGlobal
